
Microsoft Visual Studio Solution File, Format Version 12.00
# Visual Studio Version 17
VisualStudioVersion = 17.1.32414.318
MinimumVisualStudioVersion = 10.0.40219.1
Project("{FAE04EC0-301F-11D3-BF4B-00C04F79EFBC}") = "EmployeeManagementSystem", "EmployeeManagementSystem\EmployeeManagementSystem.csproj", "{B3F2ED68-CFF3-44FB-9C21-165548DFB2F6}"
EndProject
Project("{FAE04EC0-301F-11D3-BF4B-00C04F79EFBC}") = "BuissnessLayer", "BuissnessLibrary\BuissnessLayer.csproj", "{3EF2939A-7B7E-44A6-9CB9-40E96D15D944}"
EndProject
Project("{FAE04EC0-301F-11D3-BF4B-00C04F79EFBC}") = "RepositoryLayer", "RepositoryLibrary\RepositoryLayer.csproj", "{67D98F6F-3EB5-47E8-904E-90E92B7C7374}"
EndProject
Project("{FAE04EC0-301F-11D3-BF4B-00C04F79EFBC}") = "CommonLayer", "CommonLayer\CommonLayer.csproj", "{1CC4068A-E279-4CF9-B3CC-052C086DCE7C}"
EndProject
Global
	GlobalSection(SolutionConfigurationPlatforms) = preSolution
		Debug|Any CPU = Debug|Any CPU
		Release|Any CPU = Release|Any CPU
	EndGlobalSection
	GlobalSection(ProjectConfigurationPlatforms) = postSolution
		{B3F2ED68-CFF3-44FB-9C21-165548DFB2F6}.Debug|Any CPU.ActiveCfg = Debug|Any CPU
		{B3F2ED68-CFF3-44FB-9C21-165548DFB2F6}.Debug|Any CPU.Build.0 = Debug|Any CPU
		{B3F2ED68-CFF3-44FB-9C21-165548DFB2F6}.Release|Any CPU.ActiveCfg = Release|Any CPU
		{B3F2ED68-CFF3-44FB-9C21-165548DFB2F6}.Release|Any CPU.Build.0 = Release|Any CPU
		{3EF2939A-7B7E-44A6-9CB9-40E96D15D944}.Debug|Any CPU.ActiveCfg = Debug|Any CPU
		{3EF2939A-7B7E-44A6-9CB9-40E96D15D944}.Debug|Any CPU.Build.0 = Debug|Any CPU
		{3EF2939A-7B7E-44A6-9CB9-40E96D15D944}.Release|Any CPU.ActiveCfg = Release|Any CPU
		{3EF2939A-7B7E-44A6-9CB9-40E96D15D944}.Release|Any CPU.Build.0 = Release|Any CPU
		{67D98F6F-3EB5-47E8-904E-90E92B7C7374}.Debug|Any CPU.ActiveCfg = Debug|Any CPU
		{67D98F6F-3EB5-47E8-904E-90E92B7C7374}.Debug|Any CPU.Build.0 = Debug|Any CPU
		{67D98F6F-3EB5-47E8-904E-90E92B7C7374}.Release|Any CPU.ActiveCfg = Release|Any CPU
		{67D98F6F-3EB5-47E8-904E-90E92B7C7374}.Release|Any CPU.Build.0 = Release|Any CPU
		{1CC4068A-E279-4CF9-B3CC-052C086DCE7C}.Debug|Any CPU.ActiveCfg = Debug|Any CPU
		{1CC4068A-E279-4CF9-B3CC-052C086DCE7C}.Debug|Any CPU.Build.0 = Debug|Any CPU
		{1CC4068A-E279-4CF9-B3CC-052C086DCE7C}.Release|Any CPU.ActiveCfg = Release|Any CPU
		{1CC4068A-E279-4CF9-B3CC-052C086DCE7C}.Release|Any CPU.Build.0 = Release|Any CPU
	EndGlobalSection
	GlobalSection(SolutionProperties) = preSolution
		HideSolutionNode = FALSE
	EndGlobalSection
	GlobalSection(ExtensibilityGlobals) = postSolution
		SolutionGuid = {D4D4EA9F-7426-46C0-A969-3BD0441DDDB8}
	EndGlobalSection
EndGlobal
